{
  "nodes": {
    "iris": {
      "flake": false,
      "locked": {
        "host": "gitlab.mpi-sws.org",
        "lastModified": 1764328483,
        "narHash": "sha256-N8F/StWaKLa/GlcC5mzjSWKQ3VbzSha4iVRdkmTx6lc=",
        "owner": "iris",
        "repo": "iris",
        "rev": "d8f049ee6e28201a8781622ab4390a62c5293a85",
        "type": "gitlab"
      },
      "original": {
        "host": "gitlab.mpi-sws.org",
        "owner": "iris",
        "repo": "iris",
        "type": "gitlab"
      }
    },
    "iris-itree": {
      "flake": false,
      "locked": {
        "lastModified": 1763964708,
        "narHash": "sha256-i1qY0L+p4YjntHbFnyfAHun2QXT9nyQkVSABOEQ6jTU=",
        "owner": "mbrcknl",
        "repo": "rocq-iris-itree",
        "rev": "be1dad382a017ba451d519e49eb89457ce350728",
        "type": "github"
      },
      "original": {
        "owner": "mbrcknl",
        "ref": "rocq-v9-support",
        "repo": "rocq-iris-itree",
        "type": "github"
      }
    },
    "itrees": {
      "flake": false,
      "locked": {
        "lastModified": 1759441467,
        "narHash": "sha256-JoxH3J3bJ8eS3131iYZfU+gqsgKmbpapvA7sQ7M8es0=",
        "owner": "DeepSpec",
        "repo": "InteractionTrees",
        "rev": "bd356ec0d2ea1cf13ed08b129967027f0f81b882",
        "type": "github"
      },
      "original": {
        "owner": "DeepSpec",
        "repo": "InteractionTrees",
        "type": "github"
      }
    },
    "nixpkgs": {
      "locked": {
        "lastModified": 1764290847,
        "narHash": "sha256-VwPgoDgnd628GdE3KyLqTyPF1WWh0VwT5UoKygoi8sg=",
        "owner": "nixos",
        "repo": "nixpkgs",
        "rev": "cd5fedfc384cb98d9fd3827b55f4522f49efda42",
        "type": "github"
      },
      "original": {
        "owner": "nixos",
        "ref": "nixpkgs-unstable",
        "repo": "nixpkgs",
        "type": "github"
      }
    },
    "paco": {
      "flake": false,
      "locked": {
        "lastModified": 1738199413,
        "narHash": "sha256-ldUjNd5daUu2B3v4tk20/iXFgyUuW4XHlbubTInpwcs=",
        "owner": "snu-sf",
        "repo": "paco",
        "rev": "d0561bf7f0a96cac486ba3bd8ca0b72ce01fb9cf",
        "type": "github"
      },
      "original": {
        "owner": "snu-sf",
        "repo": "paco",
        "type": "github"
      }
    },
    "rocq-nix": {
      "inputs": {
        "nixpkgs": "nixpkgs",
        "rocq-nix-config": "rocq-nix-config",
        "treefmt-nix": "treefmt-nix"
      },
      "locked": {
        "lastModified": 1764387574,
        "narHash": "sha256-07kHP4fMFOZDyZrPpE8S4HxEPnqe0YaG8c11y5HYKXg=",
        "owner": "mbrcknl",
        "repo": "rocq-nix",
        "rev": "c29c2dff9991459bb93fb4ac057a3c9e469226d1",
        "type": "github"
      },
      "original": {
        "owner": "mbrcknl",
        "repo": "rocq-nix",
        "type": "github"
      }
    },
    "rocq-nix-config": {
      "flake": false,
      "locked": {
        "lastModified": 1764384244,
        "narHash": "sha256-L/G3Zjj1rimQlFy+faqRJtRL/98M70IuQVpDsP6UM8g=",
        "owner": "mbrcknl",
        "repo": "rocq-nix-config",
        "rev": "6d202a2072685ec0cfa736346f370a6fb2e59ef2",
        "type": "github"
      },
      "original": {
        "owner": "mbrcknl",
        "repo": "rocq-nix-config",
        "type": "github"
      }
    },
    "rocq-nix-iris": {
      "inputs": {
        "iris": "iris",
        "rocq-nix": [
          "rocq-nix"
        ],
        "rocq-nix-stdpp": [
          "rocq-nix-stdpp"
        ]
      },
      "locked": {
        "lastModified": 1764387715,
        "narHash": "sha256-6wyIEB8iyCvqKCFBAiW9AmYFgnMEZAUXppfu/rEuI9s=",
        "owner": "mbrcknl",
        "repo": "rocq-nix-iris",
        "rev": "791349d81ee5582d46c8da100936330a6b811be8",
        "type": "github"
      },
      "original": {
        "owner": "mbrcknl",
        "repo": "rocq-nix-iris",
        "type": "github"
      }
    },
    "rocq-nix-itrees": {
      "inputs": {
        "itrees": "itrees",
        "rocq-nix": [
          "rocq-nix"
        ],
        "rocq-nix-paco": [
          "rocq-nix-paco"
        ]
      },
      "locked": {
        "lastModified": 1764387856,
        "narHash": "sha256-yfmJISGTwUOnPIKXu9NLHBdyB3dFufGVf3DYy5TwrIA=",
        "owner": "mbrcknl",
        "repo": "rocq-nix-itrees",
        "rev": "a6f55d82af16c63074f11f2f9eb329860ac10fe8",
        "type": "github"
      },
      "original": {
        "owner": "mbrcknl",
        "repo": "rocq-nix-itrees",
        "type": "github"
      }
    },
    "rocq-nix-paco": {
      "inputs": {
        "paco": "paco",
        "rocq-nix": [
          "rocq-nix"
        ]
      },
      "locked": {
        "lastModified": 1764387770,
        "narHash": "sha256-7dZDQFfvDpjjjuMsebN9T0OGb64sqEhTT4CZqdkyGVU=",
        "owner": "mbrcknl",
        "repo": "rocq-nix-paco",
        "rev": "7ca5965a541ae131b6abf5da92e00803105a99ab",
        "type": "github"
      },
      "original": {
        "owner": "mbrcknl",
        "repo": "rocq-nix-paco",
        "type": "github"
      }
    },
    "rocq-nix-stdpp": {
      "inputs": {
        "rocq-nix": [
          "rocq-nix"
        ],
        "stdpp": "stdpp"
      },
      "locked": {
        "lastModified": 1764387646,
        "narHash": "sha256-nCS9oQ0DDALR+f+B2m68mf7Hb5WC3MCLNOexCxIocTo=",
        "owner": "mbrcknl",
        "repo": "rocq-nix-stdpp",
        "rev": "1039a45f045f13521aed8e7bf75bc42f946b5771",
        "type": "github"
      },
      "original": {
        "owner": "mbrcknl",
        "repo": "rocq-nix-stdpp",
        "type": "github"
      }
    },
    "root": {
      "inputs": {
        "iris-itree": "iris-itree",
        "rocq-nix": "rocq-nix",
        "rocq-nix-iris": "rocq-nix-iris",
        "rocq-nix-itrees": "rocq-nix-itrees",
        "rocq-nix-paco": "rocq-nix-paco",
        "rocq-nix-stdpp": "rocq-nix-stdpp"
      }
    },
    "stdpp": {
      "flake": false,
      "locked": {
        "host": "gitlab.mpi-sws.org",
        "lastModified": 1764277778,
        "narHash": "sha256-KUbL4DGi2KHFaPOcr66xzqxnN1S29jIxUswoxL8WLSc=",
        "owner": "iris",
        "repo": "stdpp",
        "rev": "2dd177aff15eb1b220516307ff8b956856f5514f",
        "type": "gitlab"
      },
      "original": {
        "host": "gitlab.mpi-sws.org",
        "owner": "iris",
        "repo": "stdpp",
        "type": "gitlab"
      }
    },
    "treefmt-nix": {
      "inputs": {
        "nixpkgs": [
          "rocq-nix",
          "nixpkgs"
        ]
      },
      "locked": {
        "lastModified": 1762938485,
        "narHash": "sha256-AlEObg0syDl+Spi4LsZIBrjw+snSVU4T8MOeuZJUJjM=",
        "owner": "numtide",
        "repo": "treefmt-nix",
        "rev": "5b4ee75aeefd1e2d5a1cc43cf6ba65eba75e83e4",
        "type": "github"
      },
      "original": {
        "owner": "numtide",
        "repo": "treefmt-nix",
        "type": "github"
      }
    }
  },
  "root": "root",
  "version": 7
}
